
Microsoft Visual Studio Solution File, Format Version 12.00
# Visual Studio 15
VisualStudioVersion = 15.0.27703.2026
MinimumVisualStudioVersion = 10.0.40219.1
Project("{9A19103F-16F7-4668-BE54-9A1E7A4F7556}") = "LemmatizatorAPI", "Lemmatozator\LemmatizatorAPI.csproj", "{32AC9C75-4057-4762-A649-D951840312DD}"
EndProject
Global
	GlobalSection(SolutionConfigurationPlatforms) = preSolution
		Debug|Any CPU = Debug|Any CPU
		Release|Any CPU = Release|Any CPU
	EndGlobalSection
	GlobalSection(ProjectConfigurationPlatforms) = postSolution
		{32AC9C75-4057-4762-A649-D951840312DD}.Debug|Any CPU.ActiveCfg = Debug|Any CPU
		{32AC9C75-4057-4762-A649-D951840312DD}.Debug|Any CPU.Build.0 = Debug|Any CPU
		{32AC9C75-4057-4762-A649-D951840312DD}.Release|Any CPU.ActiveCfg = Release|Any CPU
		{32AC9C75-4057-4762-A649-D951840312DD}.Release|Any CPU.Build.0 = Release|Any CPU
	EndGlobalSection
	GlobalSection(SolutionProperties) = preSolution
		HideSolutionNode = FALSE
	EndGlobalSection
	GlobalSection(ExtensibilityGlobals) = postSolution
		SolutionGuid = {66406EC4-3BE4-41EB-AFBC-2B1A39A6E71C}
	EndGlobalSection
EndGlobal
